
Microsoft Visual Studio Solution File, Format Version 12.00
# Visual Studio Version 16
VisualStudioVersion = 16.0.30011.22
MinimumVisualStudioVersion = 10.0.40219.1
Project("{FAE04EC0-301F-11D3-BF4B-00C04F79EFBC}") = "Email API", "Email API\Email API.csproj", "{D88EE86C-A0C2-41B1-A29C-1F38DDEA8986}"
EndProject
Global
	GlobalSection(SolutionConfigurationPlatforms) = preSolution
		Debug|Any CPU = Debug|Any CPU
		Release|Any CPU = Release|Any CPU
	EndGlobalSection
	GlobalSection(ProjectConfigurationPlatforms) = postSolution
		{D88EE86C-A0C2-41B1-A29C-1F38DDEA8986}.Debug|Any CPU.ActiveCfg = Debug|Any CPU
		{D88EE86C-A0C2-41B1-A29C-1F38DDEA8986}.Debug|Any CPU.Build.0 = Debug|Any CPU
		{D88EE86C-A0C2-41B1-A29C-1F38DDEA8986}.Release|Any CPU.ActiveCfg = Release|Any CPU
		{D88EE86C-A0C2-41B1-A29C-1F38DDEA8986}.Release|Any CPU.Build.0 = Release|Any CPU
	EndGlobalSection
	GlobalSection(SolutionProperties) = preSolution
		HideSolutionNode = FALSE
	EndGlobalSection
	GlobalSection(ExtensibilityGlobals) = postSolution
		SolutionGuid = {1FB997BF-882A-443F-97A1-099D5953EC70}
	EndGlobalSection
EndGlobal
